// !$*UTF8*$!
{
	archiveVersion = 1;
	classes = {
	};
	objectVersion = 46;
	objects = {

/* Begin PBXBuildFile section */
		D40B3F261CEA1CBB00597BAF /* TemplateSelected.storyboard in Resources */ = {isa = PBXBuildFile; fileRef = D40B3F251CEA1CBB00597BAF /* TemplateSelected.storyboard */; };
		D40B3F291CEA1D9400597BAF /* DetailAdjust.storyboard in Resources */ = {isa = PBXBuildFile; fileRef = D40B3F281CEA1D9400597BAF /* DetailAdjust.storyboard */; };
		D4564B1C1D00716400D6AD1F /* TemplateSelectedViewController.swift in Sources */ = {isa = PBXBuildFile; fileRef = D4564B1B1D00716400D6AD1F /* TemplateSelectedViewController.swift */; };
		D4564B1E1D008A5C00D6AD1F /* DetailAdjustViewController.swift in Sources */ = {isa = PBXBuildFile; fileRef = D4564B1D1D008A5C00D6AD1F /* DetailAdjustViewController.swift */; };
		D47C41AD1D03D39E00295F88 /* SaveDetailViewController.swift in Sources */ = {isa = PBXBuildFile; fileRef = D47C41AC1D03D39E00295F88 /* SaveDetailViewController.swift */; };
		D47C41B01D03D59F00295F88 /* ZoneAdjustViewController.swift in Sources */ = {isa = PBXBuildFile; fileRef = D47C41AF1D03D59F00295F88 /* ZoneAdjustViewController.swift */; };
		D47C41B21D03DF8700295F88 /* FontsAdjustViewController.swift in Sources */ = {isa = PBXBuildFile; fileRef = D47C41B11D03DF8700295F88 /* FontsAdjustViewController.swift */; };
		D47C41B41D03DFA700295F88 /* OrderAdjustViewController.swift in Sources */ = {isa = PBXBuildFile; fileRef = D47C41B31D03DFA700295F88 /* OrderAdjustViewController.swift */; };
		D47C41B61D03DFB900295F88 /* BorderAdjustViewController.swift in Sources */ = {isa = PBXBuildFile; fileRef = D47C41B51D03DFB900295F88 /* BorderAdjustViewController.swift */; };
		D47C41B81D03DFE400295F88 /* ThickAdjustViewController.swift in Sources */ = {isa = PBXBuildFile; fileRef = D47C41B71D03DFE400295F88 /* ThickAdjustViewController.swift */; };
		D48ECBBE1CEA101D00B4144B /* MainViewController.swift in Sources */ = {isa = PBXBuildFile; fileRef = D48ECBBD1CEA101D00B4144B /* MainViewController.swift */; };
		D48ECBC01CEA12FB00B4144B /* FirstInputViewController.swift in Sources */ = {isa = PBXBuildFile; fileRef = D48ECBBF1CEA12FB00B4144B /* FirstInputViewController.swift */; };
		D4A32A5B1D1307420036FC83 /* MenuViewController.swift in Sources */ = {isa = PBXBuildFile; fileRef = D4A32A5A1D1307420036FC83 /* MenuViewController.swift */; };
		D4D649561D02EE1300B5C95D /* baizhou.otf in Resources */ = {isa = PBXBuildFile; fileRef = D4D649551D02EE1300B5C95D /* baizhou.otf */; };
		D4D649581D02EF8700B5C95D /* baizhouzuangu.ttf in Resources */ = {isa = PBXBuildFile; fileRef = D4D649571D02EF8700B5C95D /* baizhouzuangu.ttf */; };
		D4D6495A1D02EF9600B5C95D /* chaoshijixijiaozuan.TTF in Resources */ = {isa = PBXBuildFile; fileRef = D4D649591D02EF9600B5C95D /* chaoshijixijiaozuan.TTF */; };
		D4D6495C1D02F9FB00B5C95D /* fanzuishu.ttf in Resources */ = {isa = PBXBuildFile; fileRef = D4D6495B1D02F9FB00B5C95D /* fanzuishu.ttf */; };
		D4D649601D02FBEC00B5C95D /* fanjiaozuan.TTF in Resources */ = {isa = PBXBuildFile; fileRef = D4D6495F1D02FBEC00B5C95D /* fanjiaozuan.TTF */; };
		D4F9BD6B1CE9CA710055D2EC /* AppDelegate.swift in Sources */ = {isa = PBXBuildFile; fileRef = D4F9BD6A1CE9CA710055D2EC /* AppDelegate.swift */; };
		D4F9BD701CE9CA710055D2EC /* Main.storyboard in Resources */ = {isa = PBXBuildFile; fileRef = D4F9BD6E1CE9CA710055D2EC /* Main.storyboard */; };
		D4F9BD721CE9CA710055D2EC /* Assets.xcassets in Resources */ = {isa = PBXBuildFile; fileRef = D4F9BD711CE9CA710055D2EC /* Assets.xcassets */; };
		D4F9BD751CE9CA710055D2EC /* LaunchScreen.storyboard in Resources */ = {isa = PBXBuildFile; fileRef = D4F9BD731CE9CA710055D2EC /* LaunchScreen.storyboard */; };
		D4F9BD801CE9CA720055D2EC /* SealCuttingTests.swift in Sources */ = {isa = PBXBuildFile; fileRef = D4F9BD7F1CE9CA720055D2EC /* SealCuttingTests.swift */; };
		D4F9BD8B1CE9CA720055D2EC /* SealCuttingUITests.swift in Sources */ = {isa = PBXBuildFile; fileRef = D4F9BD8A1CE9CA720055D2EC /* SealCuttingUITests.swift */; };
/* End PBXBuildFile section */

/* Begin PBXContainerItemProxy section */
		D4F9BD7C1CE9CA720055D2EC /* PBXContainerItemProxy */ = {
			isa = PBXContainerItemProxy;
			containerPortal = D4F9BD5F1CE9CA710055D2EC /* Project object */;
			proxyType = 1;
			remoteGlobalIDString = D4F9BD661CE9CA710055D2EC;
			remoteInfo = SealCutting;
		};
		D4F9BD871CE9CA720055D2EC /* PBXContainerItemProxy */ = {
			isa = PBXContainerItemProxy;
			containerPortal = D4F9BD5F1CE9CA710055D2EC /* Project object */;
			proxyType = 1;
			remoteGlobalIDString = D4F9BD661CE9CA710055D2EC;
			remoteInfo = SealCutting;
		};
/* End PBXContainerItemProxy section */

/* Begin PBXFileReference section */
		D40B3F251CEA1CBB00597BAF /* TemplateSelected.storyboard */ = {isa = PBXFileReference; fileEncoding = 4; lastKnownFileType = file.storyboard; path = TemplateSelected.storyboard; sourceTree = "<group>"; };
		D40B3F281CEA1D9400597BAF /* DetailAdjust.storyboard */ = {isa = PBXFileReference; fileEncoding = 4; lastKnownFileType = file.storyboard; path = DetailAdjust.storyboard; sourceTree = "<group>"; };
		D4564B1B1D00716400D6AD1F /* TemplateSelectedViewController.swift */ = {isa = PBXFileReference; fileEncoding = 4; lastKnownFileType = sourcecode.swift; path = TemplateSelectedViewController.swift; sourceTree = "<group>"; };
		D4564B1D1D008A5C00D6AD1F /* DetailAdjustViewController.swift */ = {isa = PBXFileReference; fileEncoding = 4; lastKnownFileType = sourcecode.swift; path = DetailAdjustViewController.swift; sourceTree = "<group>"; };
		D47C41AC1D03D39E00295F88 /* SaveDetailViewController.swift */ = {isa = PBXFileReference; fileEncoding = 4; lastKnownFileType = sourcecode.swift; path = SaveDetailViewController.swift; sourceTree = "<group>"; };
		D47C41AF1D03D59F00295F88 /* ZoneAdjustViewController.swift */ = {isa = PBXFileReference; fileEncoding = 4; lastKnownFileType = sourcecode.swift; path = ZoneAdjustViewController.swift; sourceTree = "<group>"; };
		D47C41B11D03DF8700295F88 /* FontsAdjustViewController.swift */ = {isa = PBXFileReference; fileEncoding = 4; lastKnownFileType = sourcecode.swift; path = FontsAdjustViewController.swift; sourceTree = "<group>"; };
		D47C41B31D03DFA700295F88 /* OrderAdjustViewController.swift */ = {isa = PBXFileReference; fileEncoding = 4; lastKnownFileType = sourcecode.swift; path = OrderAdjustViewController.swift; sourceTree = "<group>"; };
		D47C41B51D03DFB900295F88 /* BorderAdjustViewController.swift */ = {isa = PBXFileReference; fileEncoding = 4; lastKnownFileType = sourcecode.swift; path = BorderAdjustViewController.swift; sourceTree = "<group>"; };
		D47C41B71D03DFE400295F88 /* ThickAdjustViewController.swift */ = {isa = PBXFileReference; fileEncoding = 4; lastKnownFileType = sourcecode.swift; path = ThickAdjustViewController.swift; sourceTree = "<group>"; };
		D48ECBBD1CEA101D00B4144B /* MainViewController.swift */ = {isa = PBXFileReference; fileEncoding = 4; lastKnownFileType = sourcecode.swift; path = MainViewController.swift; sourceTree = "<group>"; };
		D48ECBBF1CEA12FB00B4144B /* FirstInputViewController.swift */ = {isa = PBXFileReference; fileEncoding = 4; lastKnownFileType = sourcecode.swift; path = FirstInputViewController.swift; sourceTree = "<group>"; };
		D4A32A5A1D1307420036FC83 /* MenuViewController.swift */ = {isa = PBXFileReference; fileEncoding = 4; lastKnownFileType = sourcecode.swift; path = MenuViewController.swift; sourceTree = "<group>"; };
		D4D649551D02EE1300B5C95D /* baizhou.otf */ = {isa = PBXFileReference; lastKnownFileType = file; name = baizhou.otf; path = Resources/baizhou.otf; sourceTree = "<group>"; };
		D4D649571D02EF8700B5C95D /* baizhouzuangu.ttf */ = {isa = PBXFileReference; lastKnownFileType = file; name = baizhouzuangu.ttf; path = Resources/baizhouzuangu.ttf; sourceTree = "<group>"; };
		D4D649591D02EF9600B5C95D /* chaoshijixijiaozuan.TTF */ = {isa = PBXFileReference; lastKnownFileType = file; name = chaoshijixijiaozuan.TTF; path = Resources/chaoshijixijiaozuan.TTF; sourceTree = "<group>"; };
		D4D6495B1D02F9FB00B5C95D /* fanzuishu.ttf */ = {isa = PBXFileReference; lastKnownFileType = file; name = fanzuishu.ttf; path = Resources/fanzuishu.ttf; sourceTree = "<group>"; };
		D4D6495F1D02FBEC00B5C95D /* fanjiaozuan.TTF */ = {isa = PBXFileReference; lastKnownFileType = file; name = fanjiaozuan.TTF; path = Resources/fanjiaozuan.TTF; sourceTree = "<group>"; };
		D4F9BD671CE9CA710055D2EC /* SealCutting.app */ = {isa = PBXFileReference; explicitFileType = wrapper.application; includeInIndex = 0; path = SealCutting.app; sourceTree = BUILT_PRODUCTS_DIR; };
		D4F9BD6A1CE9CA710055D2EC /* AppDelegate.swift */ = {isa = PBXFileReference; lastKnownFileType = sourcecode.swift; path = AppDelegate.swift; sourceTree = "<group>"; };
		D4F9BD6F1CE9CA710055D2EC /* Base */ = {isa = PBXFileReference; lastKnownFileType = file.storyboard; name = Base; path = Base.lproj/Main.storyboard; sourceTree = "<group>"; };
		D4F9BD711CE9CA710055D2EC /* Assets.xcassets */ = {isa = PBXFileReference; lastKnownFileType = folder.assetcatalog; path = Assets.xcassets; sourceTree = "<group>"; };
		D4F9BD741CE9CA710055D2EC /* Base */ = {isa = PBXFileReference; lastKnownFileType = file.storyboard; name = Base; path = Base.lproj/LaunchScreen.storyboard; sourceTree = "<group>"; };
		D4F9BD761CE9CA710055D2EC /* Info.plist */ = {isa = PBXFileReference; lastKnownFileType = text.plist.xml; path = Info.plist; sourceTree = "<group>"; };
		D4F9BD7B1CE9CA720055D2EC /* SealCuttingTests.xctest */ = {isa = PBXFileReference; explicitFileType = wrapper.cfbundle; includeInIndex = 0; path = SealCuttingTests.xctest; sourceTree = BUILT_PRODUCTS_DIR; };
		D4F9BD7F1CE9CA720055D2EC /* SealCuttingTests.swift */ = {isa = PBXFileReference; lastKnownFileType = sourcecode.swift; path = SealCuttingTests.swift; sourceTree = "<group>"; };
		D4F9BD811CE9CA720055D2EC /* Info.plist */ = {isa = PBXFileReference; lastKnownFileType = text.plist.xml; path = Info.plist; sourceTree = "<group>"; };
		D4F9BD861CE9CA720055D2EC /* SealCuttingUITests.xctest */ = {isa = PBXFileReference; explicitFileType = wrapper.cfbundle; includeInIndex = 0; path = SealCuttingUITests.xctest; sourceTree = BUILT_PRODUCTS_DIR; };
		D4F9BD8A1CE9CA720055D2EC /* SealCuttingUITests.swift */ = {isa = PBXFileReference; lastKnownFileType = sourcecode.swift; path = SealCuttingUITests.swift; sourceTree = "<group>"; };
		D4F9BD8C1CE9CA720055D2EC /* Info.plist */ = {isa = PBXFileReference; lastKnownFileType = text.plist.xml; path = Info.plist; sourceTree = "<group>"; };
/* End PBXFileReference section */

/* Begin PBXFrameworksBuildPhase section */
		D4F9BD641CE9CA710055D2EC /* Frameworks */ = {
			isa = PBXFrameworksBuildPhase;
			buildActionMask = 2147483647;
			files = (
			);
			runOnlyForDeploymentPostprocessing = 0;
		};
		D4F9BD781CE9CA720055D2EC /* Frameworks */ = {
			isa = PBXFrameworksBuildPhase;
			buildActionMask = 2147483647;
			files = (
			);
			runOnlyForDeploymentPostprocessing = 0;
		};
		D4F9BD831CE9CA720055D2EC /* Frameworks */ = {
			isa = PBXFrameworksBuildPhase;
			buildActionMask = 2147483647;
			files = (
			);
			runOnlyForDeploymentPostprocessing = 0;
		};
/* End PBXFrameworksBuildPhase section */

/* Begin PBXGroup section */
		D40B3F231CEA1C7700597BAF /* TemplateSelected */ = {
			isa = PBXGroup;
			children = (
				D40B3F251CEA1CBB00597BAF /* TemplateSelected.storyboard */,
				D4564B1B1D00716400D6AD1F /* TemplateSelectedViewController.swift */,
			);
			name = TemplateSelected;
			sourceTree = "<group>";
		};
		D40B3F241CEA1C8B00597BAF /* Main */ = {
			isa = PBXGroup;
			children = (
				D4F9BD6E1CE9CA710055D2EC /* Main.storyboard */,
				D48ECBBD1CEA101D00B4144B /* MainViewController.swift */,
				D48ECBBF1CEA12FB00B4144B /* FirstInputViewController.swift */,
				D4A32A5A1D1307420036FC83 /* MenuViewController.swift */,
			);
			name = Main;
			sourceTree = "<group>";
		};
		D40B3F271CEA1D7700597BAF /* DetailAdjust */ = {
			isa = PBXGroup;
			children = (
				D40B3F281CEA1D9400597BAF /* DetailAdjust.storyboard */,
				D4564B1D1D008A5C00D6AD1F /* DetailAdjustViewController.swift */,
				D47C41AC1D03D39E00295F88 /* SaveDetailViewController.swift */,
				D47C41AF1D03D59F00295F88 /* ZoneAdjustViewController.swift */,
				D47C41B11D03DF8700295F88 /* FontsAdjustViewController.swift */,
				D47C41B31D03DFA700295F88 /* OrderAdjustViewController.swift */,
				D47C41B51D03DFB900295F88 /* BorderAdjustViewController.swift */,
				D47C41B71D03DFE400295F88 /* ThickAdjustViewController.swift */,
			);
			name = DetailAdjust;
			sourceTree = "<group>";
		};
		D47C41AE1D03D54100295F88 /* DetailAdjustOther */ = {
			isa = PBXGroup;
			children = (
			);
			name = DetailAdjustOther;
			sourceTree = "<group>";
		};
		D4F9BD5E1CE9CA710055D2EC = {
			isa = PBXGroup;
			children = (
				D4F9BD691CE9CA710055D2EC /* SealCutting */,
				D4F9BD7E1CE9CA720055D2EC /* SealCuttingTests */,
				D4F9BD891CE9CA720055D2EC /* SealCuttingUITests */,
				D4F9BD681CE9CA710055D2EC /* Products */,
				D4D649551D02EE1300B5C95D /* baizhou.otf */,
				D4D649571D02EF8700B5C95D /* baizhouzuangu.ttf */,
				D4D649591D02EF9600B5C95D /* chaoshijixijiaozuan.TTF */,
				D4D6495B1D02F9FB00B5C95D /* fanzuishu.ttf */,
				D4D6495F1D02FBEC00B5C95D /* fanjiaozuan.TTF */,
			);
			sourceTree = "<group>";
		};
		D4F9BD681CE9CA710055D2EC /* Products */ = {
			isa = PBXGroup;
			children = (
				D4F9BD671CE9CA710055D2EC /* SealCutting.app */,
				D4F9BD7B1CE9CA720055D2EC /* SealCuttingTests.xctest */,
				D4F9BD861CE9CA720055D2EC /* SealCuttingUITests.xctest */,
			);
			name = Products;
			sourceTree = "<group>";
		};
		D4F9BD691CE9CA710055D2EC /* SealCutting */ = {
			isa = PBXGroup;
			children = (
				D47C41AE1D03D54100295F88 /* DetailAdjustOther */,
				D40B3F271CEA1D7700597BAF /* DetailAdjust */,
				D40B3F241CEA1C8B00597BAF /* Main */,
				D40B3F231CEA1C7700597BAF /* TemplateSelected */,
				D4F9BD6A1CE9CA710055D2EC /* AppDelegate.swift */,
				D4F9BD711CE9CA710055D2EC /* Assets.xcassets */,
				D4F9BD731CE9CA710055D2EC /* LaunchScreen.storyboard */,
				D4F9BD761CE9CA710055D2EC /* Info.plist */,
			);
			path = SealCutting;
			sourceTree = "<group>";
		};
		D4F9BD7E1CE9CA720055D2EC /* SealCuttingTests */ = {
			isa = PBXGroup;
			children = (
				D4F9BD7F1CE9CA720055D2EC /* SealCuttingTests.swift */,
				D4F9BD811CE9CA720055D2EC /* Info.plist */,
			);
			path = SealCuttingTests;
			sourceTree = "<group>";
		};
		D4F9BD891CE9CA720055D2EC /* SealCuttingUITests */ = {
			isa = PBXGroup;
			children = (
				D4F9BD8A1CE9CA720055D2EC /* SealCuttingUITests.swift */,
				D4F9BD8C1CE9CA720055D2EC /* Info.plist */,
			);
			path = SealCuttingUITests;
			sourceTree = "<group>";
		};
/* End PBXGroup section */

/* Begin PBXNativeTarget section */
		D4F9BD661CE9CA710055D2EC /* SealCutting */ = {
			isa = PBXNativeTarget;
			buildConfigurationList = D4F9BD8F1CE9CA720055D2EC /* Build configuration list for PBXNativeTarget "SealCutting" */;
			buildPhases = (
				D4F9BD631CE9CA710055D2EC /* Sources */,
				D4F9BD641CE9CA710055D2EC /* Frameworks */,
				D4F9BD651CE9CA710055D2EC /* Resources */,
			);
			buildRules = (
			);
			dependencies = (
			);
			name = SealCutting;
			productName = SealCutting;
			productReference = D4F9BD671CE9CA710055D2EC /* SealCutting.app */;
			productType = "com.apple.product-type.application";
		};
		D4F9BD7A1CE9CA720055D2EC /* SealCuttingTests */ = {
			isa = PBXNativeTarget;
			buildConfigurationList = D4F9BD921CE9CA720055D2EC /* Build configuration list for PBXNativeTarget "SealCuttingTests" */;
			buildPhases = (
				D4F9BD771CE9CA720055D2EC /* Sources */,
				D4F9BD781CE9CA720055D2EC /* Frameworks */,
				D4F9BD791CE9CA720055D2EC /* Resources */,
			);
			buildRules = (
			);
			dependencies = (
				D4F9BD7D1CE9CA720055D2EC /* PBXTargetDependency */,
			);
			name = SealCuttingTests;
			productName = SealCuttingTests;
			productReference = D4F9BD7B1CE9CA720055D2EC /* SealCuttingTests.xctest */;
			productType = "com.apple.product-type.bundle.unit-test";
		};
		D4F9BD851CE9CA720055D2EC /* SealCuttingUITests */ = {
			isa = PBXNativeTarget;
			buildConfigurationList = D4F9BD951CE9CA720055D2EC /* Build configuration list for PBXNativeTarget "SealCuttingUITests" */;
			buildPhases = (
				D4F9BD821CE9CA720055D2EC /* Sources */,
				D4F9BD831CE9CA720055D2EC /* Frameworks */,
				D4F9BD841CE9CA720055D2EC /* Resources */,
			);
			buildRules = (
			);
			dependencies = (
				D4F9BD881CE9CA720055D2EC /* PBXTargetDependency */,
			);
			name = SealCuttingUITests;
			productName = SealCuttingUITests;
			productReference = D4F9BD861CE9CA720055D2EC /* SealCuttingUITests.xctest */;
			productType = "com.apple.product-type.bundle.ui-testing";
		};
/* End PBXNativeTarget section */

/* Begin PBXProject section */
		D4F9BD5F1CE9CA710055D2EC /* Project object */ = {
			isa = PBXProject;
			attributes = {
				LastSwiftUpdateCheck = 0730;
				LastUpgradeCheck = 0730;
				ORGANIZATIONNAME = "haodong, liu";
				TargetAttributes = {
					D4F9BD661CE9CA710055D2EC = {
						CreatedOnToolsVersion = 7.3;
					};
					D4F9BD7A1CE9CA720055D2EC = {
						CreatedOnToolsVersion = 7.3;
						TestTargetID = D4F9BD661CE9CA710055D2EC;
					};
					D4F9BD851CE9CA720055D2EC = {
						CreatedOnToolsVersion = 7.3;
						TestTargetID = D4F9BD661CE9CA710055D2EC;
					};
				};
			};
			buildConfigurationList = D4F9BD621CE9CA710055D2EC /* Build configuration list for PBXProject "SealCutting" */;
			compatibilityVersion = "Xcode 3.2";
			developmentRegion = English;
			hasScannedForEncodings = 0;
			knownRegions = (
				en,
				Base,
			);
			mainGroup = D4F9BD5E1CE9CA710055D2EC;
			productRefGroup = D4F9BD681CE9CA710055D2EC /* Products */;
			projectDirPath = "";
			projectRoot = "";
			targets = (
				D4F9BD661CE9CA710055D2EC /* SealCutting */,
				D4F9BD7A1CE9CA720055D2EC /* SealCuttingTests */,
				D4F9BD851CE9CA720055D2EC /* SealCuttingUITests */,
			);
		};
/* End PBXProject section */

/* Begin PBXResourcesBuildPhase section */
		D4F9BD651CE9CA710055D2EC /* Resources */ = {
			isa = PBXResourcesBuildPhase;
			buildActionMask = 2147483647;
			files = (
				D4D649561D02EE1300B5C95D /* baizhou.otf in Resources */,
				D4D649601D02FBEC00B5C95D /* fanjiaozuan.TTF in Resources */,
				D4D649581D02EF8700B5C95D /* baizhouzuangu.ttf in Resources */,
				D40B3F291CEA1D9400597BAF /* DetailAdjust.storyboard in Resources */,
				D4D6495C1D02F9FB00B5C95D /* fanzuishu.ttf in Resources */,
				D4F9BD751CE9CA710055D2EC /* LaunchScreen.storyboard in Resources */,
				D4F9BD721CE9CA710055D2EC /* Assets.xcassets in Resources */,
				D4F9BD701CE9CA710055D2EC /* Main.storyboard in Resources */,
				D40B3F261CEA1CBB00597BAF /* TemplateSelected.storyboard in Resources */,
				D4D6495A1D02EF9600B5C95D /* chaoshijixijiaozuan.TTF in Resources */,
			);
			runOnlyForDeploymentPostprocessing = 0;
		};
		D4F9BD791CE9CA720055D2EC /* Resources */ = {
			isa = PBXResourcesBuildPhase;
			buildActionMask = 2147483647;
			files = (
			);
			runOnlyForDeploymentPostprocessing = 0;
		};
		D4F9BD841CE9CA720055D2EC /* Resources */ = {
			isa = PBXResourcesBuildPhase;
			buildActionMask = 2147483647;
			files = (
			);
			runOnlyForDeploymentPostprocessing = 0;
		};
/* End PBXResourcesBuildPhase section */

/* Begin PBXSourcesBuildPhase section */
		D4F9BD631CE9CA710055D2EC /* Sources */ = {
			isa = PBXSourcesBuildPhase;
			buildActionMask = 2147483647;
			files = (
				D4564B1E1D008A5C00D6AD1F /* DetailAdjustViewController.swift in Sources */,
				D4564B1C1D00716400D6AD1F /* TemplateSelectedViewController.swift in Sources */,
				D47C41B81D03DFE400295F88 /* ThickAdjustViewController.swift in Sources */,
				D48ECBBE1CEA101D00B4144B /* MainViewController.swift in Sources */,
				D4F9BD6B1CE9CA710055D2EC /* AppDelegate.swift in Sources */,
				D47C41B41D03DFA700295F88 /* OrderAdjustViewController.swift in Sources */,
				D47C41AD1D03D39E00295F88 /* SaveDetailViewController.swift in Sources */,
				D4A32A5B1D1307420036FC83 /* MenuViewController.swift in Sources */,
				D47C41B01D03D59F00295F88 /* ZoneAdjustViewController.swift in Sources */,
				D47C41B21D03DF8700295F88 /* FontsAdjustViewController.swift in Sources */,
				D47C41B61D03DFB900295F88 /* BorderAdjustViewController.swift in Sources */,
				D48ECBC01CEA12FB00B4144B /* FirstInputViewController.swift in Sources */,
			);
			runOnlyForDeploymentPostprocessing = 0;
		};
		D4F9BD771CE9CA720055D2EC /* Sources */ = {
			isa = PBXSourcesBuildPhase;
			buildActionMask = 2147483647;
			files = (
				D4F9BD801CE9CA720055D2EC /* SealCuttingTests.swift in Sources */,
			);
			runOnlyForDeploymentPostprocessing = 0;
		};
		D4F9BD821CE9CA720055D2EC /* Sources */ = {
			isa = PBXSourcesBuildPhase;
			buildActionMask = 2147483647;
			files = (
				D4F9BD8B1CE9CA720055D2EC /* SealCuttingUITests.swift in Sources */,
			);
			runOnlyForDeploymentPostprocessing = 0;
		};
/* End PBXSourcesBuildPhase section */

/* Begin PBXTargetDependency section */
		D4F9BD7D1CE9CA720055D2EC /* PBXTargetDependency */ = {
			isa = PBXTargetDependency;
			target = D4F9BD661CE9CA710055D2EC /* SealCutting */;
			targetProxy = D4F9BD7C1CE9CA720055D2EC /* PBXContainerItemProxy */;
		};
		D4F9BD881CE9CA720055D2EC /* PBXTargetDependency */ = {
			isa = PBXTargetDependency;
			target = D4F9BD661CE9CA710055D2EC /* SealCutting */;
			targetProxy = D4F9BD871CE9CA720055D2EC /* PBXContainerItemProxy */;
		};
/* End PBXTargetDependency section */

/* Begin PBXVariantGroup section */
		D4F9BD6E1CE9CA710055D2EC /* Main.storyboard */ = {
			isa = PBXVariantGroup;
			children = (
				D4F9BD6F1CE9CA710055D2EC /* Base */,
			);
			name = Main.storyboard;
			sourceTree = "<group>";
		};
		D4F9BD731CE9CA710055D2EC /* LaunchScreen.storyboard */ = {
			isa = PBXVariantGroup;
			children = (
				D4F9BD741CE9CA710055D2EC /* Base */,
			);
			name = LaunchScreen.storyboard;
			sourceTree = "<group>";
		};
/* End PBXVariantGroup section */

/* Begin XCBuildConfiguration section */
		D4F9BD8D1CE9CA720055D2EC /* Debug */ = {
			isa = XCBuildConfiguration;
			buildSettings = {
				ALWAYS_SEARCH_USER_PATHS = NO;
				CLANG_ANALYZER_NONNULL = YES;
				CLANG_CXX_LANGUAGE_STANDARD = "gnu++0x";
				CLANG_CXX_LIBRARY = "libc++";
				CLANG_ENABLE_MODULES = YES;
				CLANG_ENABLE_OBJC_ARC = YES;
				CLANG_WARN_BOOL_CONVERSION = YES;
				CLANG_WARN_CONSTANT_CONVERSION = YES;
				CLANG_WARN_DIRECT_OBJC_ISA_USAGE = YES_ERROR;
				CLANG_WARN_EMPTY_BODY = YES;
				CLANG_WARN_ENUM_CONVERSION = YES;
				CLANG_WARN_INT_CONVERSION = YES;
				CLANG_WARN_OBJC_ROOT_CLASS = YES_ERROR;
				CLANG_WARN_UNREACHABLE_CODE = YES;
				CLANG_WARN__DUPLICATE_METHOD_MATCH = YES;
				"CODE_SIGN_IDENTITY[sdk=iphoneos*]" = "iPhone Developer";
				COPY_PHASE_STRIP = NO;
				DEBUG_INFORMATION_FORMAT = dwarf;
				ENABLE_STRICT_OBJC_MSGSEND = YES;
				ENABLE_TESTABILITY = YES;
				GCC_C_LANGUAGE_STANDARD = gnu99;
				GCC_DYNAMIC_NO_PIC = NO;
				GCC_NO_COMMON_BLOCKS = YES;
				GCC_OPTIMIZATION_LEVEL = 0;
				GCC_PREPROCESSOR_DEFINITIONS = (
					"DEBUG=1",
					"$(inherited)",
				);
				GCC_WARN_64_TO_32_BIT_CONVERSION = YES;
				GCC_WARN_ABOUT_RETURN_TYPE = YES_ERROR;
				GCC_WARN_UNDECLARED_SELECTOR = YES;
				GCC_WARN_UNINITIALIZED_AUTOS = YES_AGGRESSIVE;
				GCC_WARN_UNUSED_FUNCTION = YES;
				GCC_WARN_UNUSED_VARIABLE = YES;
				IPHONEOS_DEPLOYMENT_TARGET = 9.3;
				MTL_ENABLE_DEBUG_INFO = YES;
				ONLY_ACTIVE_ARCH = YES;
				SDKROOT = iphoneos;
				SWIFT_OPTIMIZATION_LEVEL = "-Onone";
			};
			name = Debug;
		};
		D4F9BD8E1CE9CA720055D2EC /* Release */ = {
			isa = XCBuildConfiguration;
			buildSettings = {
				ALWAYS_SEARCH_USER_PATHS = NO;
				CLANG_ANALYZER_NONNULL = YES;
				CLANG_CXX_LANGUAGE_STANDARD = "gnu++0x";
				CLANG_CXX_LIBRARY = "libc++";
				CLANG_ENABLE_MODULES = YES;
				CLANG_ENABLE_OBJC_ARC = YES;
				CLANG_WARN_BOOL_CONVERSION = YES;
				CLANG_WARN_CONSTANT_CONVERSION = YES;
				CLANG_WARN_DIRECT_OBJC_ISA_USAGE = YES_ERROR;
				CLANG_WARN_EMPTY_BODY = YES;
				CLANG_WARN_ENUM_CONVERSION = YES;
				CLANG_WARN_INT_CONVERSION = YES;
				CLANG_WARN_OBJC_ROOT_CLASS = YES_ERROR;
				CLANG_WARN_UNREACHABLE_CODE = YES;
				CLANG_WARN__DUPLICATE_METHOD_MATCH = YES;
				"CODE_SIGN_IDENTITY[sdk=iphoneos*]" = "iPhone Developer";
				COPY_PHASE_STRIP = NO;
				DEBUG_INFORMATION_FORMAT = "dwarf-with-dsym";
				ENABLE_NS_ASSERTIONS = NO;
				ENABLE_STRICT_OBJC_MSGSEND = YES;
				GCC_C_LANGUAGE_STANDARD = gnu99;
				GCC_NO_COMMON_BLOCKS = YES;
				GCC_WARN_64_TO_32_BIT_CONVERSION = YES;
				GCC_WARN_ABOUT_RETURN_TYPE = YES_ERROR;
				GCC_WARN_UNDECLARED_SELECTOR = YES;
				GCC_WARN_UNINITIALIZED_AUTOS = YES_AGGRESSIVE;
				GCC_WARN_UNUSED_FUNCTION = YES;
				GCC_WARN_UNUSED_VARIABLE = YES;
				IPHONEOS_DEPLOYMENT_TARGET = 9.3;
				MTL_ENABLE_DEBUG_INFO = NO;
				SDKROOT = iphoneos;
				VALIDATE_PRODUCT = YES;
			};
			name = Release;
		};
		D4F9BD901CE9CA720055D2EC /* Debug */ = {
			isa = XCBuildConfiguration;
			buildSettings = {
				ASSETCATALOG_COMPILER_APPICON_NAME = AppIcon;
				INFOPLIST_FILE = SealCutting/Info.plist;
				LD_RUNPATH_SEARCH_PATHS = "$(inherited) @executable_path/Frameworks";
				PRODUCT_BUNDLE_IDENTIFIER = haodong.SealCutting;
				PRODUCT_NAME = "$(TARGET_NAME)";
			};
			name = Debug;
		};
		D4F9BD911CE9CA720055D2EC /* Release */ = {
			isa = XCBuildConfiguration;
			buildSettings = {
				ASSETCATALOG_COMPILER_APPICON_NAME = AppIcon;
				INFOPLIST_FILE = SealCutting/Info.plist;
				LD_RUNPATH_SEARCH_PATHS = "$(inherited) @executable_path/Frameworks";
				PRODUCT_BUNDLE_IDENTIFIER = haodong.SealCutting;
				PRODUCT_NAME = "$(TARGET_NAME)";
			};
			name = Release;
		};
		D4F9BD931CE9CA720055D2EC /* Debug */ = {
			isa = XCBuildConfiguration;
			buildSettings = {
				BUNDLE_LOADER = "$(TEST_HOST)";
				INFOPLIST_FILE = SealCuttingTests/Info.plist;
				LD_RUNPATH_SEARCH_PATHS = "$(inherited) @executable_path/Frameworks @loader_path/Frameworks";
				PRODUCT_BUNDLE_IDENTIFIER = haodong.SealCuttingTests;
				PRODUCT_NAME = "$(TARGET_NAME)";
				TEST_HOST = "$(BUILT_PRODUCTS_DIR)/SealCutting.app/SealCutting";
			};
			name = Debug;
		};
		D4F9BD941CE9CA720055D2EC /* Release */ = {
			isa = XCBuildConfiguration;
			buildSettings = {
				BUNDLE_LOADER = "$(TEST_HOST)";
				INFOPLIST_FILE = SealCuttingTests/Info.plist;
				LD_RUNPATH_SEARCH_PATHS = "$(inherited) @executable_path/Frameworks @loader_path/Frameworks";
				PRODUCT_BUNDLE_IDENTIFIER = haodong.SealCuttingTests;
				PRODUCT_NAME = "$(TARGET_NAME)";
				TEST_HOST = "$(BUILT_PRODUCTS_DIR)/SealCutting.app/SealCutting";
			};
			name = Release;
		};
		D4F9BD961CE9CA720055D2EC /* Debug */ = {
			isa = XCBuildConfiguration;
			buildSettings = {
				INFOPLIST_FILE = SealCuttingUITests/Info.plist;
				LD_RUNPATH_SEARCH_PATHS = "$(inherited) @executable_path/Frameworks @loader_path/Frameworks";
				PRODUCT_BUNDLE_IDENTIFIER = haodong.SealCuttingUITests;
				PRODUCT_NAME = "$(TARGET_NAME)";
				TEST_TARGET_NAME = SealCutting;
			};
			name = Debug;
		};
		D4F9BD971CE9CA720055D2EC /* Release */ = {
			isa = XCBuildConfiguration;
			buildSettings = {
				INFOPLIST_FILE = SealCuttingUITests/Info.plist;
				LD_RUNPATH_SEARCH_PATHS = "$(inherited) @executable_path/Frameworks @loader_path/Frameworks";
				PRODUCT_BUNDLE_IDENTIFIER = haodong.SealCuttingUITests;
				PRODUCT_NAME = "$(TARGET_NAME)";
				TEST_TARGET_NAME = SealCutting;
			};
			name = Release;
		};
/* End XCBuildConfiguration section */

/* Begin XCConfigurationList section */
		D4F9BD621CE9CA710055D2EC /* Build configuration list for PBXProject "SealCutting" */ = {
			isa = XCConfigurationList;
			buildConfigurations = (
				D4F9BD8D1CE9CA720055D2EC /* Debug */,
				D4F9BD8E1CE9CA720055D2EC /* Release */,
			);
			defaultConfigurationIsVisible = 0;
			defaultConfigurationName = Release;
		};
		D4F9BD8F1CE9CA720055D2EC /* Build configuration list for PBXNativeTarget "SealCutting" */ = {
			isa = XCConfigurationList;
			buildConfigurations = (
				D4F9BD901CE9CA720055D2EC /* Debug */,
				D4F9BD911CE9CA720055D2EC /* Release */,
			);
			defaultConfigurationIsVisible = 0;
			defaultConfigurationName = Release;
		};
		D4F9BD921CE9CA720055D2EC /* Build configuration list for PBXNativeTarget "SealCuttingTests" */ = {
			isa = XCConfigurationList;
			buildConfigurations = (
				D4F9BD931CE9CA720055D2EC /* Debug */,
				D4F9BD941CE9CA720055D2EC /* Release */,
			);
			defaultConfigurationIsVisible = 0;
			defaultConfigurationName = Release;
		};
		D4F9BD951CE9CA720055D2EC /* Build configuration list for PBXNativeTarget "SealCuttingUITests" */ = {
			isa = XCConfigurationList;
			buildConfigurations = (
				D4F9BD961CE9CA720055D2EC /* Debug */,
				D4F9BD971CE9CA720055D2EC /* Release */,
			);
			defaultConfigurationIsVisible = 0;
			defaultConfigurationName = Release;
		};
/* End XCConfigurationList section */
	};
	rootObject = D4F9BD5F1CE9CA710055D2EC /* Project object */;
}
